
Microsoft Visual Studio Solution File, Format Version 12.00
# Visual Studio Version 16
VisualStudioVersion = 16.0.29424.173
MinimumVisualStudioVersion = 10.0.40219.1
Project("{F184B08F-C81C-45F6-A57F-5ABD9991F28F}") = "Prueba", "Prueba\Prueba.vbproj", "{0FD0916E-ABC7-4E93-AC21-2DFF03FE2BF0}"
EndProject
Global
	GlobalSection(SolutionConfigurationPlatforms) = preSolution
		Debug|Any CPU = Debug|Any CPU
		Release|Any CPU = Release|Any CPU
	EndGlobalSection
	GlobalSection(ProjectConfigurationPlatforms) = postSolution
		{0FD0916E-ABC7-4E93-AC21-2DFF03FE2BF0}.Debug|Any CPU.ActiveCfg = Debug|Any CPU
		{0FD0916E-ABC7-4E93-AC21-2DFF03FE2BF0}.Debug|Any CPU.Build.0 = Debug|Any CPU
		{0FD0916E-ABC7-4E93-AC21-2DFF03FE2BF0}.Release|Any CPU.ActiveCfg = Release|Any CPU
		{0FD0916E-ABC7-4E93-AC21-2DFF03FE2BF0}.Release|Any CPU.Build.0 = Release|Any CPU
	EndGlobalSection
	GlobalSection(SolutionProperties) = preSolution
		HideSolutionNode = FALSE
	EndGlobalSection
	GlobalSection(ExtensibilityGlobals) = postSolution
		SolutionGuid = {851C279A-DF53-46DB-8301-7A954834850A}
	EndGlobalSection
EndGlobal
